// !$*UTF8*$!
{
	archiveVersion = 1;
	classes = {
	};
	objectVersion = 46;
	objects = {

/* Begin PBXBuildFile section */
<<<<<<< HEAD
		27B2F54C23B52CDC00B1B72A /* YandexCheckoutPayments.framework in Frameworks */ = {isa = PBXBuildFile; fileRef = 27B2F54B23B52CDC00B1B72A /* YandexCheckoutPayments.framework */; };
		27B2F55023B52D0A00B1B72A /* YandexCheckoutPaymentsApi.framework in Frameworks */ = {isa = PBXBuildFile; fileRef = 27B2F54F23B52D0A00B1B72A /* YandexCheckoutPaymentsApi.framework */; };
		27F67F8223B4F3A9007F4FF2 /* YandexKassa.m in Sources */ = {isa = PBXBuildFile; fileRef = B3E7B5891CC2AC0600A0062D /* YandexKassa.m */; };
		27F67F8323B4F3AF007F4FF2 /* YandexKassa.swift in Sources */ = {isa = PBXBuildFile; fileRef = 27C222D323B4BDBA00F6BDEA /* YandexKassa.swift */; };
		27F67F8423B4F3B3007F4FF2 /* YandexKassa-Bridging-Header.h in Sources */ = {isa = PBXBuildFile; fileRef = 27C222D223B4BDB900F6BDEA /* YandexKassa-Bridging-Header.h */; };
		27F6861C23B51D53007F4FF2 /* TrustDefender.framework in Frameworks */ = {isa = PBXBuildFile; fileRef = 27F6861B23B51D53007F4FF2 /* TrustDefender.framework */; settings = {ATTRIBUTES = (Required, ); }; };
		2E1A0E119C4FCCEFBCBEC8DF /* Pods_YandexKassa.framework in Frameworks */ = {isa = PBXBuildFile; fileRef = 27B2F47223B528A700B1B72A /* Pods_YandexKassa.framework */; };
=======
		B3E7B58A1CC2AC0600A0062D /* YandexKassa.m in Sources */ = {isa = PBXBuildFile; fileRef = B3E7B5891CC2AC0600A0062D /* YandexKassa.m */; };
>>>>>>> 5e55e47eb1dbe2800591074a58f796af92baf284
/* End PBXBuildFile section */

/* Begin PBXCopyFilesBuildPhase section */
		58B511D91A9E6C8500147676 /* CopyFiles */ = {
			isa = PBXCopyFilesBuildPhase;
			buildActionMask = 2147483647;
			dstPath = "include/$(PRODUCT_NAME)";
			dstSubfolderSpec = 16;
			files = (
			);
			runOnlyForDeploymentPostprocessing = 0;
		};
/* End PBXCopyFilesBuildPhase section */

/* Begin PBXFileReference section */
		134814201AA4EA6300B7C361 /* libYandexKassa.a */ = {isa = PBXFileReference; explicitFileType = archive.ar; includeInIndex = 0; path = libYandexKassa.a; sourceTree = BUILT_PRODUCTS_DIR; };
<<<<<<< HEAD
		27B2F47023B5289300B1B72A /* YandexCheckoutPayments.framework */ = {isa = PBXFileReference; explicitFileType = wrapper.framework; path = YandexCheckoutPayments.framework; sourceTree = BUILT_PRODUCTS_DIR; };
		27B2F47223B528A700B1B72A /* Pods_YandexKassa.framework */ = {isa = PBXFileReference; explicitFileType = wrapper.framework; path = Pods_YandexKassa.framework; sourceTree = BUILT_PRODUCTS_DIR; };
		27B2F47423B528A700B1B72A /* YandexCheckoutPayments.framework */ = {isa = PBXFileReference; explicitFileType = wrapper.framework; path = YandexCheckoutPayments.framework; sourceTree = BUILT_PRODUCTS_DIR; };
		27B2F47623B528A700B1B72A /* YandexCheckoutPaymentsApi.framework */ = {isa = PBXFileReference; explicitFileType = wrapper.framework; path = YandexCheckoutPaymentsApi.framework; sourceTree = BUILT_PRODUCTS_DIR; };
		27B2F54723B52C4600B1B72A /* YandexCheckoutPayments.framework */ = {isa = PBXFileReference; explicitFileType = wrapper.framework; path = YandexCheckoutPayments.framework; sourceTree = BUILT_PRODUCTS_DIR; };
		27B2F54923B52C8500B1B72A /* YandexCheckoutPayments.framework */ = {isa = PBXFileReference; explicitFileType = wrapper.framework; path = YandexCheckoutPayments.framework; sourceTree = BUILT_PRODUCTS_DIR; };
		27B2F54B23B52CDC00B1B72A /* YandexCheckoutPayments.framework */ = {isa = PBXFileReference; explicitFileType = wrapper.framework; path = YandexCheckoutPayments.framework; sourceTree = BUILT_PRODUCTS_DIR; };
		27B2F54D23B52CE100B1B72A /* YandexCheckoutShowcaseApi.framework */ = {isa = PBXFileReference; explicitFileType = wrapper.framework; path = YandexCheckoutShowcaseApi.framework; sourceTree = BUILT_PRODUCTS_DIR; };
		27B2F54F23B52D0A00B1B72A /* YandexCheckoutPaymentsApi.framework */ = {isa = PBXFileReference; explicitFileType = wrapper.framework; path = YandexCheckoutPaymentsApi.framework; sourceTree = BUILT_PRODUCTS_DIR; };
		27C222D223B4BDB900F6BDEA /* YandexKassa-Bridging-Header.h */ = {isa = PBXFileReference; lastKnownFileType = sourcecode.c.h; path = "YandexKassa-Bridging-Header.h"; sourceTree = "<group>"; };
		27C222D323B4BDBA00F6BDEA /* YandexKassa.swift */ = {isa = PBXFileReference; lastKnownFileType = sourcecode.swift; path = YandexKassa.swift; sourceTree = "<group>"; };
		27F6861B23B51D53007F4FF2 /* TrustDefender.framework */ = {isa = PBXFileReference; lastKnownFileType = wrapper.framework; path = TrustDefender.framework; sourceTree = "<group>"; };
		2FEED543E1B4ED6CDB85B225 /* Pods-YandexKassa.debug.xcconfig */ = {isa = PBXFileReference; includeInIndex = 1; lastKnownFileType = text.xcconfig; name = "Pods-YandexKassa.debug.xcconfig"; path = "Target Support Files/Pods-YandexKassa/Pods-YandexKassa.debug.xcconfig"; sourceTree = "<group>"; };
		8B3EA69F959CDFB8DA3C8839 /* Pods-YandexKassa.release.xcconfig */ = {isa = PBXFileReference; includeInIndex = 1; lastKnownFileType = text.xcconfig; name = "Pods-YandexKassa.release.xcconfig"; path = "Target Support Files/Pods-YandexKassa/Pods-YandexKassa.release.xcconfig"; sourceTree = "<group>"; };
=======
>>>>>>> 5e55e47eb1dbe2800591074a58f796af92baf284
		B3E7B5881CC2AC0600A0062D /* YandexKassa.h */ = {isa = PBXFileReference; fileEncoding = 4; lastKnownFileType = sourcecode.c.h; path = YandexKassa.h; sourceTree = "<group>"; };
		B3E7B5891CC2AC0600A0062D /* YandexKassa.m */ = {isa = PBXFileReference; fileEncoding = 4; lastKnownFileType = sourcecode.c.objc; path = YandexKassa.m; sourceTree = "<group>"; };
/* End PBXFileReference section */

/* Begin PBXFrameworksBuildPhase section */
		58B511D81A9E6C8500147676 /* Frameworks */ = {
			isa = PBXFrameworksBuildPhase;
			buildActionMask = 2147483647;
			files = (
<<<<<<< HEAD
				27B2F55023B52D0A00B1B72A /* YandexCheckoutPaymentsApi.framework in Frameworks */,
				27B2F54C23B52CDC00B1B72A /* YandexCheckoutPayments.framework in Frameworks */,
				27F6861C23B51D53007F4FF2 /* TrustDefender.framework in Frameworks */,
				2E1A0E119C4FCCEFBCBEC8DF /* Pods_YandexKassa.framework in Frameworks */,
=======
>>>>>>> 5e55e47eb1dbe2800591074a58f796af92baf284
			);
			runOnlyForDeploymentPostprocessing = 0;
		};
/* End PBXFrameworksBuildPhase section */

/* Begin PBXGroup section */
		134814211AA4EA7D00B7C361 /* Products */ = {
			isa = PBXGroup;
			children = (
				134814201AA4EA6300B7C361 /* libYandexKassa.a */,
			);
			name = Products;
			sourceTree = "<group>";
		};
<<<<<<< HEAD
		27C222CF23B4BCFF00F6BDEA /* Frameworks */ = {
			isa = PBXGroup;
			children = (
				27B2F47223B528A700B1B72A /* Pods_YandexKassa.framework */,
				27B2F54F23B52D0A00B1B72A /* YandexCheckoutPaymentsApi.framework */,
				27B2F54D23B52CE100B1B72A /* YandexCheckoutShowcaseApi.framework */,
				27B2F54923B52C8500B1B72A /* YandexCheckoutPayments.framework */,
				27B2F54B23B52CDC00B1B72A /* YandexCheckoutPayments.framework */,
				27B2F47423B528A700B1B72A /* YandexCheckoutPayments.framework */,
				27B2F54723B52C4600B1B72A /* YandexCheckoutPayments.framework */,
				27B2F47623B528A700B1B72A /* YandexCheckoutPaymentsApi.framework */,
				27F6861B23B51D53007F4FF2 /* TrustDefender.framework */,
				27B2F47023B5289300B1B72A /* YandexCheckoutPayments.framework */,
			);
			name = Frameworks;
			sourceTree = "<group>";
		};
		58B511D21A9E6C8500147676 = {
			isa = PBXGroup;
			children = (
				27C222D323B4BDBA00F6BDEA /* YandexKassa.swift */,
				B3E7B5881CC2AC0600A0062D /* YandexKassa.h */,
				B3E7B5891CC2AC0600A0062D /* YandexKassa.m */,
				134814211AA4EA7D00B7C361 /* Products */,
				27C222CF23B4BCFF00F6BDEA /* Frameworks */,
				27C222D223B4BDB900F6BDEA /* YandexKassa-Bridging-Header.h */,
				F272F2AFABB6B148FA39B09B /* Pods */,
			);
			sourceTree = "<group>";
		};
		F272F2AFABB6B148FA39B09B /* Pods */ = {
			isa = PBXGroup;
			children = (
				2FEED543E1B4ED6CDB85B225 /* Pods-YandexKassa.debug.xcconfig */,
				8B3EA69F959CDFB8DA3C8839 /* Pods-YandexKassa.release.xcconfig */,
			);
			path = Pods;
=======
		58B511D21A9E6C8500147676 = {
			isa = PBXGroup;
			children = (
				B3E7B5881CC2AC0600A0062D /* YandexKassa.h */,
				B3E7B5891CC2AC0600A0062D /* YandexKassa.m */,
				134814211AA4EA7D00B7C361 /* Products */,
			);
>>>>>>> 5e55e47eb1dbe2800591074a58f796af92baf284
			sourceTree = "<group>";
		};
/* End PBXGroup section */

/* Begin PBXNativeTarget section */
		58B511DA1A9E6C8500147676 /* YandexKassa */ = {
			isa = PBXNativeTarget;
			buildConfigurationList = 58B511EF1A9E6C8500147676 /* Build configuration list for PBXNativeTarget "YandexKassa" */;
			buildPhases = (
<<<<<<< HEAD
				C90C58DFAF4DD97845599E58 /* [CP] Check Pods Manifest.lock */,
=======
>>>>>>> 5e55e47eb1dbe2800591074a58f796af92baf284
				58B511D71A9E6C8500147676 /* Sources */,
				58B511D81A9E6C8500147676 /* Frameworks */,
				58B511D91A9E6C8500147676 /* CopyFiles */,
			);
			buildRules = (
			);
			dependencies = (
			);
			name = YandexKassa;
			productName = RCTDataManager;
			productReference = 134814201AA4EA6300B7C361 /* libYandexKassa.a */;
			productType = "com.apple.product-type.library.static";
		};
/* End PBXNativeTarget section */

/* Begin PBXProject section */
		58B511D31A9E6C8500147676 /* Project object */ = {
			isa = PBXProject;
			attributes = {
				LastUpgradeCheck = 0920;
				ORGANIZATIONNAME = Facebook;
				TargetAttributes = {
					58B511DA1A9E6C8500147676 = {
						CreatedOnToolsVersion = 6.1.1;
<<<<<<< HEAD
						LastSwiftMigration = 1120;
=======
>>>>>>> 5e55e47eb1dbe2800591074a58f796af92baf284
					};
				};
			};
			buildConfigurationList = 58B511D61A9E6C8500147676 /* Build configuration list for PBXProject "YandexKassa" */;
			compatibilityVersion = "Xcode 3.2";
			developmentRegion = English;
			hasScannedForEncodings = 0;
			knownRegions = (
<<<<<<< HEAD
				English,
				en,
				ru,
=======
				en,
>>>>>>> 5e55e47eb1dbe2800591074a58f796af92baf284
			);
			mainGroup = 58B511D21A9E6C8500147676;
			productRefGroup = 58B511D21A9E6C8500147676;
			projectDirPath = "";
			projectRoot = "";
			targets = (
				58B511DA1A9E6C8500147676 /* YandexKassa */,
			);
		};
/* End PBXProject section */

<<<<<<< HEAD
/* Begin PBXShellScriptBuildPhase section */
		C90C58DFAF4DD97845599E58 /* [CP] Check Pods Manifest.lock */ = {
			isa = PBXShellScriptBuildPhase;
			buildActionMask = 2147483647;
			files = (
			);
			inputFileListPaths = (
			);
			inputPaths = (
				"${PODS_PODFILE_DIR_PATH}/Podfile.lock",
				"${PODS_ROOT}/Manifest.lock",
			);
			name = "[CP] Check Pods Manifest.lock";
			outputFileListPaths = (
			);
			outputPaths = (
				"$(DERIVED_FILE_DIR)/Pods-YandexKassa-checkManifestLockResult.txt",
			);
			runOnlyForDeploymentPostprocessing = 0;
			shellPath = /bin/sh;
			shellScript = "diff \"${PODS_PODFILE_DIR_PATH}/Podfile.lock\" \"${PODS_ROOT}/Manifest.lock\" > /dev/null\nif [ $? != 0 ] ; then\n    # print error to STDERR\n    echo \"error: The sandbox is not in sync with the Podfile.lock. Run 'pod install' or update your CocoaPods installation.\" >&2\n    exit 1\nfi\n# This output is used by Xcode 'outputs' to avoid re-running this script phase.\necho \"SUCCESS\" > \"${SCRIPT_OUTPUT_FILE_0}\"\n";
			showEnvVarsInLog = 0;
		};
/* End PBXShellScriptBuildPhase section */

=======
>>>>>>> 5e55e47eb1dbe2800591074a58f796af92baf284
/* Begin PBXSourcesBuildPhase section */
		58B511D71A9E6C8500147676 /* Sources */ = {
			isa = PBXSourcesBuildPhase;
			buildActionMask = 2147483647;
			files = (
<<<<<<< HEAD
				27F67F8423B4F3B3007F4FF2 /* YandexKassa-Bridging-Header.h in Sources */,
				27F67F8323B4F3AF007F4FF2 /* YandexKassa.swift in Sources */,
				27F67F8223B4F3A9007F4FF2 /* YandexKassa.m in Sources */,
=======
				B3E7B58A1CC2AC0600A0062D /* YandexKassa.m in Sources */,
>>>>>>> 5e55e47eb1dbe2800591074a58f796af92baf284
			);
			runOnlyForDeploymentPostprocessing = 0;
		};
/* End PBXSourcesBuildPhase section */

/* Begin XCBuildConfiguration section */
		58B511ED1A9E6C8500147676 /* Debug */ = {
			isa = XCBuildConfiguration;
			buildSettings = {
<<<<<<< HEAD
				ALWAYS_EMBED_SWIFT_STANDARD_LIBRARIES = YES;
=======
>>>>>>> 5e55e47eb1dbe2800591074a58f796af92baf284
				ALWAYS_SEARCH_USER_PATHS = NO;
				CLANG_CXX_LANGUAGE_STANDARD = "gnu++0x";
				CLANG_CXX_LIBRARY = "libc++";
				CLANG_ENABLE_MODULES = YES;
				CLANG_ENABLE_OBJC_ARC = YES;
				CLANG_WARN_BLOCK_CAPTURE_AUTORELEASING = YES;
				CLANG_WARN_BOOL_CONVERSION = YES;
				CLANG_WARN_COMMA = YES;
				CLANG_WARN_CONSTANT_CONVERSION = YES;
				CLANG_WARN_DIRECT_OBJC_ISA_USAGE = YES_ERROR;
				CLANG_WARN_EMPTY_BODY = YES;
				CLANG_WARN_ENUM_CONVERSION = YES;
				CLANG_WARN_INFINITE_RECURSION = YES;
				CLANG_WARN_INT_CONVERSION = YES;
				CLANG_WARN_NON_LITERAL_NULL_CONVERSION = YES;
				CLANG_WARN_OBJC_LITERAL_CONVERSION = YES;
				CLANG_WARN_OBJC_ROOT_CLASS = YES_ERROR;
				CLANG_WARN_RANGE_LOOP_ANALYSIS = YES;
				CLANG_WARN_STRICT_PROTOTYPES = YES;
				CLANG_WARN_SUSPICIOUS_MOVE = YES;
				CLANG_WARN_UNREACHABLE_CODE = YES;
				CLANG_WARN__DUPLICATE_METHOD_MATCH = YES;
				COPY_PHASE_STRIP = NO;
				ENABLE_STRICT_OBJC_MSGSEND = YES;
				ENABLE_TESTABILITY = YES;
				GCC_C_LANGUAGE_STANDARD = gnu99;
				GCC_DYNAMIC_NO_PIC = NO;
				GCC_NO_COMMON_BLOCKS = YES;
				GCC_OPTIMIZATION_LEVEL = 0;
				GCC_PREPROCESSOR_DEFINITIONS = (
					"DEBUG=1",
					"$(inherited)",
				);
				GCC_SYMBOLS_PRIVATE_EXTERN = NO;
				GCC_WARN_64_TO_32_BIT_CONVERSION = YES;
				GCC_WARN_ABOUT_RETURN_TYPE = YES_ERROR;
				GCC_WARN_UNDECLARED_SELECTOR = YES;
				GCC_WARN_UNINITIALIZED_AUTOS = YES_AGGRESSIVE;
				GCC_WARN_UNUSED_FUNCTION = YES;
				GCC_WARN_UNUSED_VARIABLE = YES;
<<<<<<< HEAD
				IPHONEOS_DEPLOYMENT_TARGET = 9.0;
				LD_VERIFY_BITCODE = NO;
				LIBRARY_SEARCH_PATHS = "";
				MTL_ENABLE_DEBUG_INFO = YES;
				ONLY_ACTIVE_ARCH = YES;
				SDKROOT = iphoneos;
				SWIFT_VERSION = 5.0;
=======
				IPHONEOS_DEPLOYMENT_TARGET = 8.0;
				MTL_ENABLE_DEBUG_INFO = YES;
				ONLY_ACTIVE_ARCH = YES;
				SDKROOT = iphoneos;
>>>>>>> 5e55e47eb1dbe2800591074a58f796af92baf284
			};
			name = Debug;
		};
		58B511EE1A9E6C8500147676 /* Release */ = {
			isa = XCBuildConfiguration;
			buildSettings = {
<<<<<<< HEAD
				ALWAYS_EMBED_SWIFT_STANDARD_LIBRARIES = YES;
=======
>>>>>>> 5e55e47eb1dbe2800591074a58f796af92baf284
				ALWAYS_SEARCH_USER_PATHS = NO;
				CLANG_CXX_LANGUAGE_STANDARD = "gnu++0x";
				CLANG_CXX_LIBRARY = "libc++";
				CLANG_ENABLE_MODULES = YES;
				CLANG_ENABLE_OBJC_ARC = YES;
				CLANG_WARN_BLOCK_CAPTURE_AUTORELEASING = YES;
				CLANG_WARN_BOOL_CONVERSION = YES;
				CLANG_WARN_COMMA = YES;
				CLANG_WARN_CONSTANT_CONVERSION = YES;
				CLANG_WARN_DIRECT_OBJC_ISA_USAGE = YES_ERROR;
				CLANG_WARN_EMPTY_BODY = YES;
				CLANG_WARN_ENUM_CONVERSION = YES;
				CLANG_WARN_INFINITE_RECURSION = YES;
				CLANG_WARN_INT_CONVERSION = YES;
				CLANG_WARN_NON_LITERAL_NULL_CONVERSION = YES;
				CLANG_WARN_OBJC_LITERAL_CONVERSION = YES;
				CLANG_WARN_OBJC_ROOT_CLASS = YES_ERROR;
				CLANG_WARN_RANGE_LOOP_ANALYSIS = YES;
				CLANG_WARN_STRICT_PROTOTYPES = YES;
				CLANG_WARN_SUSPICIOUS_MOVE = YES;
				CLANG_WARN_UNREACHABLE_CODE = YES;
				CLANG_WARN__DUPLICATE_METHOD_MATCH = YES;
				COPY_PHASE_STRIP = YES;
				ENABLE_NS_ASSERTIONS = NO;
				ENABLE_STRICT_OBJC_MSGSEND = YES;
				GCC_C_LANGUAGE_STANDARD = gnu99;
				GCC_NO_COMMON_BLOCKS = YES;
				GCC_WARN_64_TO_32_BIT_CONVERSION = YES;
				GCC_WARN_ABOUT_RETURN_TYPE = YES_ERROR;
				GCC_WARN_UNDECLARED_SELECTOR = YES;
				GCC_WARN_UNINITIALIZED_AUTOS = YES_AGGRESSIVE;
				GCC_WARN_UNUSED_FUNCTION = YES;
				GCC_WARN_UNUSED_VARIABLE = YES;
<<<<<<< HEAD
				IPHONEOS_DEPLOYMENT_TARGET = 9.0;
				LD_VERIFY_BITCODE = NO;
				LIBRARY_SEARCH_PATHS = "";
				MTL_ENABLE_DEBUG_INFO = NO;
				SDKROOT = iphoneos;
				SWIFT_VERSION = 5.0;
=======
				IPHONEOS_DEPLOYMENT_TARGET = 8.0;
				MTL_ENABLE_DEBUG_INFO = NO;
				SDKROOT = iphoneos;
>>>>>>> 5e55e47eb1dbe2800591074a58f796af92baf284
				VALIDATE_PRODUCT = YES;
			};
			name = Release;
		};
		58B511F01A9E6C8500147676 /* Debug */ = {
			isa = XCBuildConfiguration;
<<<<<<< HEAD
			baseConfigurationReference = 2FEED543E1B4ED6CDB85B225 /* Pods-YandexKassa.debug.xcconfig */;
			buildSettings = {
				ALWAYS_EMBED_SWIFT_STANDARD_LIBRARIES = YES;
				CLANG_ENABLE_MODULES = YES;
				FRAMEWORK_SEARCH_PATHS = (
					"$(inherited)",
					"$(PROJECT_DIR)/Pods/YandexMobileMetrica/dynamic",
					"$(PROJECT_DIR)",
				);
				HEADER_SEARCH_PATHS = (
					"$(inherited)",
=======
			buildSettings = {
				HEADER_SEARCH_PATHS = (
				"$(inherited)",
>>>>>>> 5e55e47eb1dbe2800591074a58f796af92baf284
					/Applications/Xcode.app/Contents/Developer/Toolchains/XcodeDefault.xctoolchain/usr/include,
					"$(SRCROOT)/../../../React/**",
					"$(SRCROOT)/../../react-native/React/**",
				);
<<<<<<< HEAD
				LD_RUNPATH_SEARCH_PATHS = "$(inherited) @executable_path/Frameworks @loader_path/Frameworks /usr/lib/swift";
				LD_VERIFY_BITCODE = NO;
=======
>>>>>>> 5e55e47eb1dbe2800591074a58f796af92baf284
				LIBRARY_SEARCH_PATHS = "$(inherited)";
				OTHER_LDFLAGS = "-ObjC";
				PRODUCT_NAME = YandexKassa;
				SKIP_INSTALL = YES;
<<<<<<< HEAD
				SWIFT_OBJC_BRIDGING_HEADER = "YandexKassa-Bridging-Header.h";
				SWIFT_OPTIMIZATION_LEVEL = "-Onone";
				SWIFT_VERSION = 5.0;
				TARGETED_DEVICE_FAMILY = "1,2";
				USER_HEADER_SEARCH_PATHS = "$(SRCROOT)/../node_modules/react-native/React";
=======
>>>>>>> 5e55e47eb1dbe2800591074a58f796af92baf284
			};
			name = Debug;
		};
		58B511F11A9E6C8500147676 /* Release */ = {
			isa = XCBuildConfiguration;
<<<<<<< HEAD
			baseConfigurationReference = 8B3EA69F959CDFB8DA3C8839 /* Pods-YandexKassa.release.xcconfig */;
			buildSettings = {
				ALWAYS_EMBED_SWIFT_STANDARD_LIBRARIES = YES;
				CLANG_ENABLE_MODULES = YES;
				FRAMEWORK_SEARCH_PATHS = (
					"$(inherited)",
					"$(PROJECT_DIR)/Pods/YandexMobileMetrica/dynamic",
					"$(PROJECT_DIR)",
				);
=======
			buildSettings = {
>>>>>>> 5e55e47eb1dbe2800591074a58f796af92baf284
				HEADER_SEARCH_PATHS = (
					"$(inherited)",
					/Applications/Xcode.app/Contents/Developer/Toolchains/XcodeDefault.xctoolchain/usr/include,
					"$(SRCROOT)/../../../React/**",
					"$(SRCROOT)/../../react-native/React/**",
				);
<<<<<<< HEAD
				LD_RUNPATH_SEARCH_PATHS = "$(inherited) @executable_path/Frameworks @loader_path/Frameworks /usr/lib/swift";
				LD_VERIFY_BITCODE = NO;
=======
>>>>>>> 5e55e47eb1dbe2800591074a58f796af92baf284
				LIBRARY_SEARCH_PATHS = "$(inherited)";
				OTHER_LDFLAGS = "-ObjC";
				PRODUCT_NAME = YandexKassa;
				SKIP_INSTALL = YES;
<<<<<<< HEAD
				SWIFT_OBJC_BRIDGING_HEADER = "YandexKassa-Bridging-Header.h";
				SWIFT_VERSION = 5.0;
				TARGETED_DEVICE_FAMILY = "1,2";
				USER_HEADER_SEARCH_PATHS = "$(SRCROOT)/../node_modules/react-native/React";
=======
>>>>>>> 5e55e47eb1dbe2800591074a58f796af92baf284
			};
			name = Release;
		};
/* End XCBuildConfiguration section */

/* Begin XCConfigurationList section */
		58B511D61A9E6C8500147676 /* Build configuration list for PBXProject "YandexKassa" */ = {
			isa = XCConfigurationList;
			buildConfigurations = (
				58B511ED1A9E6C8500147676 /* Debug */,
				58B511EE1A9E6C8500147676 /* Release */,
			);
			defaultConfigurationIsVisible = 0;
			defaultConfigurationName = Release;
		};
		58B511EF1A9E6C8500147676 /* Build configuration list for PBXNativeTarget "YandexKassa" */ = {
			isa = XCConfigurationList;
			buildConfigurations = (
				58B511F01A9E6C8500147676 /* Debug */,
				58B511F11A9E6C8500147676 /* Release */,
			);
			defaultConfigurationIsVisible = 0;
			defaultConfigurationName = Release;
		};
/* End XCConfigurationList section */
	};
	rootObject = 58B511D31A9E6C8500147676 /* Project object */;
}
